# THIS IS AN AUTOGENERATED FILE. DO NOT EDIT THIS FILE DIRECTLY.
# yarn lockfile v1


"@discordjs/builders@^0.6.0":
  version "0.6.0"
  resolved "https://registry.yarnpkg.com/@discordjs/builders/-/builders-0.6.0.tgz#4724d18990a97d84d0250eba5b50991b71a450a5"
  integrity sha512-mH3Gx61LKk2CD05laCI9K5wp+a3NyASHDUGx83DGJFkqJlRlSV5WMJNY6RS37A5SjqDtGMF4wVR9jzFaqShe6Q==
  dependencies:
    "@sindresorhus/is" "^4.0.1"
    discord-api-types "^0.22.0"
    ow "^0.27.0"
    ts-mixer "^6.0.0"
    tslib "^2.3.1"

"@discordjs/builders@^0.7.0":
  version "0.7.0"
  resolved "https://registry.yarnpkg.com/@discordjs/builders/-/builders-0.7.0.tgz#c2670d9443ffc3e86d087fd236fc00d3c56f7503"
  integrity sha512-0dnRH5ABy6DfyPU+gYeIE16P6+fnc9BSK53r0/jCe0aJiBQIVLcPrA7r/5vBV0MaoQOeuhlRQ2vwoawABDkn5w==
  dependencies:
    "@sindresorhus/is" "^4.2.0"
    discord-api-types "^0.24.0"
    ow "^0.27.0"
    ts-mixer "^6.0.0"
    tslib "^2.3.1"

"@discordjs/collection@^0.1.6":
  version "0.1.6"
  resolved "https://registry.yarnpkg.com/@discordjs/collection/-/collection-0.1.6.tgz#9e9a7637f4e4e0688fd8b2b5c63133c91607682c"
  integrity sha512-utRNxnd9kSS2qhyivo9lMlt5qgAUasH2gb7BEOn6p0efFh24gjGomHzWKMAPn2hEReOPQZCJaRKoURwRotKucQ==

"@discordjs/collection@^0.2.1":
  version "0.2.1"
  resolved "https://registry.yarnpkg.com/@discordjs/collection/-/collection-0.2.1.tgz#ea4bc7b41b7b7b6daa82e439141222ec95c469b2"
  integrity sha512-vhxqzzM8gkomw0TYRF3tgx7SwElzUlXT/Aa41O7mOcyN6wIJfj5JmDWaO5XGKsGSsNx7F3i5oIlrucCCWV1Nog==

"@discordjs/form-data@^3.0.1":
  version "3.0.1"
  resolved "https://registry.yarnpkg.com/@discordjs/form-data/-/form-data-3.0.1.tgz#5c9e6be992e2e57d0dfa0e39979a850225fb4697"
  integrity sha512-ZfFsbgEXW71Rw/6EtBdrP5VxBJy4dthyC0tpQKGKmYFImlmmrykO14Za+BiIVduwjte0jXEBlhSKf0MWbFp9Eg==
  dependencies:
    asynckit "^0.4.0"
    combined-stream "^1.0.8"
    mime-types "^2.1.12"

"@discordjs/rest@^0.1.0-canary.0":
  version "0.1.0-canary.0"
  resolved "https://registry.yarnpkg.com/@discordjs/rest/-/rest-0.1.0-canary.0.tgz#666f9a1a0c1f2f5a09a3a79f77aeddaeafbcbcc1"
  integrity sha512-d+s//ISYVV+e0w/926wMEeO7vju+Pn11x1JM4tcmVMCHSDgpi6pnFCNAXF1TEdnDcy7xf9tq5cf2pQkb/7ySTQ==
  dependencies:
    "@discordjs/collection" "^0.1.6"
    "@sapphire/async-queue" "^1.1.4"
    "@sapphire/snowflake" "^1.3.5"
    abort-controller "^3.0.0"
    discord-api-types "^0.18.1"
    form-data "^4.0.0"
    node-fetch "^2.6.1"
    tslib "^2.3.0"

"@sapphire/async-queue@^1.1.4", "@sapphire/async-queue@^1.1.5":
  version "1.1.7"
  resolved "https://registry.yarnpkg.com/@sapphire/async-queue/-/async-queue-1.1.7.tgz#7f23fc0fdf888d25a04876c2fbf3a207ddf4a2c8"
  integrity sha512-EBRERa9NqK/EV6DIPBVtjjdHBsu/DSdMuYAydmoIyIPONzp0UAxf2G6JGJ52WkiONtPRx6KNuqB5Q8dm14fwyw==

"@sapphire/snowflake@^1.3.5":
  version "1.3.6"
  resolved "https://registry.yarnpkg.com/@sapphire/snowflake/-/snowflake-1.3.6.tgz#166e8c5c08d01c861edd7e2edc80b5739741715f"
  integrity sha512-QnzuLp+p9D7agynVub/zqlDVriDza9y3STArBhNiNBUgIX8+GL5FpQxstRfw1jDr5jkZUjcuKYAHxjIuXKdJAg==

"@sindresorhus/is@^4.0.1", "@sindresorhus/is@^4.2.0":
  version "4.2.0"
  resolved "https://registry.yarnpkg.com/@sindresorhus/is/-/is-4.2.0.tgz#667bfc6186ae7c9e0b45a08960c551437176e1ca"
  integrity sha512-VkE3KLBmJwcCaVARtQpfuKcKv8gcBmUubrfHGF84dXuuW6jgsRYxPtzcIhPyK9WAPpRt2/xY6zkD9MnRaJzSyw==

"@types/node-fetch@2":
  version "2.5.12"
  resolved "https://registry.yarnpkg.com/@types/node-fetch/-/node-fetch-2.5.12.tgz#8a6f779b1d4e60b7a57fb6fd48d84fb545b9cc66"
  integrity sha512-MKgC4dlq4kKNa/mYrwpKfzQMB5X3ee5U6fSprkKpToBqBmX4nFZL9cW5jl6sWn+xpRJ7ypWh2yyqqr8UUCstSw==
  dependencies:
    "@types/node" "*"
    form-data "^3.0.0"

"@types/node@*", "@types/node@^16.11.2":
  version "16.11.2"
  resolved "https://registry.yarnpkg.com/@types/node/-/node-16.11.2.tgz#31c249c136c3f9b35d4b60fb8e50e01a1f0cc9a5"
  integrity sha512-w34LtBB0OkDTs19FQHXy4Ig/TOXI4zqvXS2Kk1PAsRKZ0I+nik7LlMYxckW0tSNGtvWmzB+mrCTbuEjuB9DVsw==

"@types/ws@^8.2.0":
  version "8.2.0"
  resolved "https://registry.yarnpkg.com/@types/ws/-/ws-8.2.0.tgz#75faefbe2328f3b833cb8dc640658328990d04f3"
  integrity sha512-cyeefcUCgJlEk+hk2h3N+MqKKsPViQgF5boi9TTHSK+PoR9KWBb/C5ccPcDyAqgsbAYHTwulch725DV84+pSpg==
  dependencies:
    "@types/node" "*"

abort-controller@^3.0.0:
  version "3.0.0"
  resolved "https://registry.yarnpkg.com/abort-controller/-/abort-controller-3.0.0.tgz#eaf54d53b62bae4138e809ca225c8439a6efb392"
  integrity sha512-h8lQ8tacZYnR3vNQTgibj+tODHI5/+l06Au2Pcriv/Gmet0eaj4TwWH41sO9wnHDiQsEj19q0drzdWdeAHtweg==
  dependencies:
    event-target-shim "^5.0.0"

asynckit@^0.4.0:
  version "0.4.0"
  resolved "https://registry.yarnpkg.com/asynckit/-/asynckit-0.4.0.tgz#c79ed97f7f34cb8f2ba1bc9790bcc366474b4b79"
  integrity sha1-x57Zf380y48robyXkLzDZkdLS3k=

balanced-match@^1.0.0:
  version "1.0.2"
  resolved "https://registry.yarnpkg.com/balanced-match/-/balanced-match-1.0.2.tgz#e83e3a7e3f300b34cb9d87f615fa0cbf357690ee"
  integrity sha512-3oSeUO0TMV67hN1AmbXsK4yaqU7tjiHlbxRDZOpH0KW9+CeX4bRAaX0Anxt0tx2MrpRpWwQaPwIlISEJhYU5Pw==

blueimp-load-image@^3.0.0:
  version "3.0.0"
  resolved "https://registry.yarnpkg.com/blueimp-load-image/-/blueimp-load-image-3.0.0.tgz#d71c39440a7d2f1a83e3e86a625e329116a51705"
  integrity sha512-Q9rFbd4ZUNvzSFmRXx9MoG0RwWwJeMjjEUbG7WIOJgUg22Jgkow0wL5b35B6qwiBscxACW9OHdrP5s2vQ3x8DQ==

bmp-js@^0.1.0:
  version "0.1.0"
  resolved "https://registry.yarnpkg.com/bmp-js/-/bmp-js-0.1.0.tgz#e05a63f796a6c1ff25f4771ec7adadc148c07233"
  integrity sha1-4Fpj95amwf8l9Hcex62twUjAcjM=

brace-expansion@^1.1.7:
  version "1.1.11"
  resolved "https://registry.yarnpkg.com/brace-expansion/-/brace-expansion-1.1.11.tgz#3c7fcbf529d87226f3d2f52b966ff5271eb441dd"
  integrity sha512-iCuPHDFgrHX7H2vEI/5xpz07zSHB00TpugqhmYtVmMO6518mCuRMoOYFldEBl0g187ufozdaHgWKcYFb61qGiA==
  dependencies:
    balanced-match "^1.0.0"
    concat-map "0.0.1"

callsites@^3.1.0:
  version "3.1.0"
  resolved "https://registry.yarnpkg.com/callsites/-/callsites-3.1.0.tgz#b3630abd8943432f54b3f0519238e33cd7df2f73"
  integrity sha512-P8BjAsXvZS+VIDUI11hHCQEv74YT67YUi5JJFNWIqL235sBmjX4+qx9Muvls5ivyNENctx46xQLQ3aTuE7ssaQ==

colors@^1.4.0:
  version "1.4.0"
  resolved "https://registry.yarnpkg.com/colors/-/colors-1.4.0.tgz#c50491479d4c1bdaed2c9ced32cf7c7dc2360f78"
  integrity sha512-a+UqTh4kgZg/SlGvfbzDHpgRu7AAQOmmqRHJnxhRZICKFUT91brVhNNt58CMWU9PsBbv3PDCZUHbVxuDiH2mtA==

combined-stream@^1.0.8:
  version "1.0.8"
  resolved "https://registry.yarnpkg.com/combined-stream/-/combined-stream-1.0.8.tgz#c3d45a8b34fd730631a110a8a2520682b31d5a7f"
  integrity sha512-FQN4MRfuJeHf7cBbBMJFXhKSDq+2kAArBlmRBvcvFE5BB1HZKXtSFASDhdlz9zOYwxh8lDdnvmMOe/+5cdoEdg==
  dependencies:
    delayed-stream "~1.0.0"

concat-map@0.0.1:
  version "0.0.1"
  resolved "https://registry.yarnpkg.com/concat-map/-/concat-map-0.0.1.tgz#d8a96bd77fd68df7793a73036a3ba0d5405d477b"
  integrity sha1-2Klr13/Wjfd5OnMDajug1UBdR3s=

delayed-stream@~1.0.0:
  version "1.0.0"
  resolved "https://registry.yarnpkg.com/delayed-stream/-/delayed-stream-1.0.0.tgz#df3ae199acadfb7d440aaae0b29e2272b24ec619"
  integrity sha1-3zrhmayt+31ECqrgsp4icrJOxhk=

discord-api-types@^0.18.1:
  version "0.18.1"
  resolved "https://registry.yarnpkg.com/discord-api-types/-/discord-api-types-0.18.1.tgz#5d08ed1263236be9c21a22065d0e6b51f790f492"
  integrity sha512-hNC38R9ZF4uaujaZQtQfm5CdQO58uhdkoHQAVvMfIL0LgOSZeW575W8H6upngQOuoxWd8tiRII3LLJm9zuQKYg==

discord-api-types@^0.22.0:
  version "0.22.0"
  resolved "https://registry.yarnpkg.com/discord-api-types/-/discord-api-types-0.22.0.tgz#34dc57fe8e016e5eaac5e393646cd42a7e1ccc2a"
  integrity sha512-l8yD/2zRbZItUQpy7ZxBJwaLX/Bs2TGaCthRppk8Sw24LOIWg12t9JEreezPoYD0SQcC2htNNo27kYEpYW/Srg==

discord-api-types@^0.23.1:
  version "0.23.1"
  resolved "https://registry.yarnpkg.com/discord-api-types/-/discord-api-types-0.23.1.tgz#832d0ee2b3c8e2eae02947c1dbf38121d6d357d5"
  integrity sha512-igWmn+45mzXRWNEPU25I/pr8MwxHb767wAr51oy3VRLRcTlp5ADBbrBR0lq3SA1Rfw3MtM4TQu1xo3kxscfVdQ==

discord-api-types@^0.24.0:
  version "0.24.0"
  resolved "https://registry.yarnpkg.com/discord-api-types/-/discord-api-types-0.24.0.tgz#9e429b8a1ddb4147134dfb3109093422de7ec549"
  integrity sha512-X0uA2a92cRjowUEXpLZIHWl4jiX1NsUpDhcEOpa1/hpO1vkaokgZ8kkPtPih9hHth5UVQ3mHBu/PpB4qjyfJ4A==

discord.js@^13.2.0:
  version "13.2.0"
  resolved "https://registry.yarnpkg.com/discord.js/-/discord.js-13.2.0.tgz#db2e7f643bbc661d1c63b3ebad0ccc6572c0065b"
  integrity sha512-nyxUvL8wuQG38zx13wUMkpcA8koFszyiXdkSLwwM9opKW2LC2H5gD0cTZxImeJ6GtEnKPWT8xBiE8lLBmbNIhw==
  dependencies:
    "@discordjs/builders" "^0.6.0"
    "@discordjs/collection" "^0.2.1"
    "@discordjs/form-data" "^3.0.1"
    "@sapphire/async-queue" "^1.1.5"
    "@types/ws" "^8.2.0"
    discord-api-types "^0.23.1"
    node-fetch "^2.6.1"
    ws "^8.2.3"

dot-prop@^6.0.1:
  version "6.0.1"
  resolved "https://registry.yarnpkg.com/dot-prop/-/dot-prop-6.0.1.tgz#fc26b3cf142b9e59b74dbd39ed66ce620c681083"
  integrity sha512-tE7ztYzXHIeyvc7N+hR3oi7FIbf/NIjVP9hmAt3yMXzrQ072/fpjGLx2GxNxGxUl5V73MEqYzioOMoVhGMJ5cA==
  dependencies:
    is-obj "^2.0.0"

event-target-shim@^5.0.0:
  version "5.0.1"
  resolved "https://registry.yarnpkg.com/event-target-shim/-/event-target-shim-5.0.1.tgz#5d4d3ebdf9583d63a5333ce2deb7480ab2b05789"
  integrity sha512-i/2XbnSz/uxRCU6+NdVJgKWDTM427+MqYbkQzD321DuCQJUqOuJKIA0IM2+W2xtYHdKOmZ4dR6fExsd4SXL+WQ==

file-type@^12.4.1:
  version "12.4.2"
  resolved "https://registry.yarnpkg.com/file-type/-/file-type-12.4.2.tgz#a344ea5664a1d01447ee7fb1b635f72feb6169d9"
  integrity sha512-UssQP5ZgIOKelfsaB5CuGAL+Y+q7EmONuiwF3N5HAH0t27rvrttgi6Ra9k/+DVaY9UF6+ybxu5pOXLUdA8N7Vg==

form-data@^3.0.0:
  version "3.0.1"
  resolved "https://registry.yarnpkg.com/form-data/-/form-data-3.0.1.tgz#ebd53791b78356a99af9a300d4282c4d5eb9755f"
  integrity sha512-RHkBKtLWUVwd7SqRIvCZMEvAMoGUp0XU+seQiZejj0COz3RI3hWP4sCv3gZWWLjJTd7rGwcsF5eKZGii0r/hbg==
  dependencies:
    asynckit "^0.4.0"
    combined-stream "^1.0.8"
    mime-types "^2.1.12"

form-data@^4.0.0:
  version "4.0.0"
  resolved "https://registry.yarnpkg.com/form-data/-/form-data-4.0.0.tgz#93919daeaf361ee529584b9b31664dc12c9fa452"
  integrity sha512-ETEklSGi5t0QMZuiXoA/Q6vcnxcLQP5vdugSpuAyi6SVGi2clPPp+xgEhuMaHC+zGgn31Kd235W35f7Hykkaww==
  dependencies:
    asynckit "^0.4.0"
    combined-stream "^1.0.8"
    mime-types "^2.1.12"

fs.realpath@^1.0.0:
  version "1.0.0"
  resolved "https://registry.yarnpkg.com/fs.realpath/-/fs.realpath-1.0.0.tgz#1504ad2523158caa40db4a2787cb01411994ea4f"
  integrity sha1-FQStJSMVjKpA20onh8sBQRmU6k8=

glob@^7.1.6:
  version "7.2.0"
  resolved "https://registry.yarnpkg.com/glob/-/glob-7.2.0.tgz#d15535af7732e02e948f4c41628bd910293f6023"
  integrity sha512-lmLf6gtyrPq8tTjSmrO94wBeQbFR3HbLHbuyD69wuyQkImp2hWqMGB47OX65FBkPffO641IP9jWa1z4ivqG26Q==
  dependencies:
    fs.realpath "^1.0.0"
    inflight "^1.0.4"
    inherits "2"
    minimatch "^3.0.4"
    once "^1.3.0"
    path-is-absolute "^1.0.0"

idb-keyval@^3.2.0:
  version "3.2.0"
  resolved "https://registry.yarnpkg.com/idb-keyval/-/idb-keyval-3.2.0.tgz#cbbf354deb5684b6cdc84376294fc05932845bd6"
  integrity sha512-slx8Q6oywCCSfKgPgL0sEsXtPVnSbTLWpyiDcu6msHOyKOLari1TD1qocXVCft80umnkk3/Qqh3lwoFt8T/BPQ==

inflight@^1.0.4:
  version "1.0.6"
  resolved "https://registry.yarnpkg.com/inflight/-/inflight-1.0.6.tgz#49bd6331d7d02d0c09bc910a1075ba8165b56df9"
  integrity sha1-Sb1jMdfQLQwJvJEKEHW6gWW1bfk=
  dependencies:
    once "^1.3.0"
    wrappy "1"

inherits@2:
  version "2.0.4"
  resolved "https://registry.yarnpkg.com/inherits/-/inherits-2.0.4.tgz#0fa2c64f932917c3433a0ded55363aae37416b7c"
  integrity sha512-k/vGaX4/Yla3WzyMCvTQOXYeIHvqOKtnqBduzTHpzpQZzAskKMhZ2K+EnBiSM9zGSoIFeMpXKxa4dYeZIQqewQ==

is-electron@^2.2.0:
  version "2.2.0"
  resolved "https://registry.yarnpkg.com/is-electron/-/is-electron-2.2.0.tgz#8943084f09e8b731b3a7a0298a7b5d56f6b7eef0"
  integrity sha512-SpMppC2XR3YdxSzczXReBjqs2zGscWQpBIKqwXYBFic0ERaxNVgwLCHwOLZeESfdJQjX0RDvrJ1lBXX2ij+G1Q==

is-obj@^2.0.0:
  version "2.0.0"
  resolved "https://registry.yarnpkg.com/is-obj/-/is-obj-2.0.0.tgz#473fb05d973705e3fd9620545018ca8e22ef4982"
  integrity sha512-drqDG3cbczxxEJRoOXcOjtdp1J/lyp1mNn0xaznRs8+muBhgQcrnbspox5X5fOw0HnMnbfDzvnEMEtqDEJEo8w==

is-url@^1.2.4:
  version "1.2.4"
  resolved "https://registry.yarnpkg.com/is-url/-/is-url-1.2.4.tgz#04a4df46d28c4cff3d73d01ff06abeb318a1aa52"
  integrity sha512-ITvGim8FhRiYe4IQ5uHSkj7pVaPDrCTkNd3yq3cV7iZAcJdHTUMPMEHcqSOy9xZ9qFenQCvi+2wjH9a1nXqHww==

jpeg-autorotate@^7.1.1:
  version "7.1.1"
  resolved "https://registry.yarnpkg.com/jpeg-autorotate/-/jpeg-autorotate-7.1.1.tgz#c57905c6afd3b54373a6a1d0249ed6e07f7b043b"
  integrity sha512-ewTZTG/QWOM0D5h/yKcQ3QgyrnQYsr3qmcS+bqoAwgQAY1KBa31aJ+q+FlElaxo/rSYqfF1ixf+8EIgluBkgTg==
  dependencies:
    colors "^1.4.0"
    glob "^7.1.6"
    jpeg-js "^0.4.2"
    piexifjs "^1.0.6"
    yargs-parser "^20.2.1"

jpeg-js@^0.4.2:
  version "0.4.3"
  resolved "https://registry.yarnpkg.com/jpeg-js/-/jpeg-js-0.4.3.tgz#6158e09f1983ad773813704be80680550eff977b"
  integrity sha512-ru1HWKek8octvUHFHvE5ZzQ1yAsJmIvRdGWvSoKV52XKyuyYA437QWDttXT8eZXDSbuMpHlLzPDZUPd6idIz+Q==

lodash.isequal@^4.5.0:
  version "4.5.0"
  resolved "https://registry.yarnpkg.com/lodash.isequal/-/lodash.isequal-4.5.0.tgz#415c4478f2bcc30120c22ce10ed3226f7d3e18e0"
  integrity sha1-QVxEePK8wwEgwizhDtMib30+GOA=

mime-db@1.50.0:
  version "1.50.0"
  resolved "https://registry.yarnpkg.com/mime-db/-/mime-db-1.50.0.tgz#abd4ac94e98d3c0e185016c67ab45d5fde40c11f"
  integrity sha512-9tMZCDlYHqeERXEHO9f/hKfNXhre5dK2eE/krIvUjZbS2KPcqGDfNShIWS1uW9XOTKQKqK6qbeOci18rbfW77A==

mime-types@^2.1.12:
  version "2.1.33"
  resolved "https://registry.yarnpkg.com/mime-types/-/mime-types-2.1.33.tgz#1fa12a904472fafd068e48d9e8401f74d3f70edb"
  integrity sha512-plLElXp7pRDd0bNZHw+nMd52vRYjLwQjygaNg7ddJ2uJtTlmnTCjWuPKxVu6//AdaRuME84SvLW91sIkBqGT0g==
  dependencies:
    mime-db "1.50.0"

minimatch@^3.0.4:
  version "3.0.4"
  resolved "https://registry.yarnpkg.com/minimatch/-/minimatch-3.0.4.tgz#5166e286457f03306064be5497e8dbb0c3d32083"
  integrity sha512-yJHVQEhyqPLUTgt9B83PXu6W3rx4MvvHvSUvToogpwoGDOUQ+yDrR0HRot+yOCdCO7u4hX3pWft6kWBBcqh0UA==
  dependencies:
    brace-expansion "^1.1.7"

node-fetch@2, node-fetch@^2.6.0, node-fetch@^2.6.1:
  version "2.6.5"
  resolved "https://registry.yarnpkg.com/node-fetch/-/node-fetch-2.6.5.tgz#42735537d7f080a7e5f78b6c549b7146be1742fd"
  integrity sha512-mmlIVHJEu5rnIxgEgez6b9GgWXbkZj5YZ7fx+2r94a2E+Uirsp6HsPTPlomfdHtpt/B0cdKviwkoaM6pyvUOpQ==
  dependencies:
    whatwg-url "^5.0.0"

once@^1.3.0:
  version "1.4.0"
  resolved "https://registry.yarnpkg.com/once/-/once-1.4.0.tgz#583b1aa775961d4b113ac17d9c50baef9dd76bd1"
  integrity sha1-WDsap3WWHUsROsF9nFC6753Xa9E=
  dependencies:
    wrappy "1"

opencollective-postinstall@^2.0.2:
  version "2.0.3"
  resolved "https://registry.yarnpkg.com/opencollective-postinstall/-/opencollective-postinstall-2.0.3.tgz#7a0fff978f6dbfa4d006238fbac98ed4198c3259"
  integrity sha512-8AV/sCtuzUeTo8gQK5qDZzARrulB3egtLzFgteqB2tcT4Mw7B8Kt7JcDHmltjz6FOAHsvTevk70gZEbhM4ZS9Q==

ow@^0.27.0:
  version "0.27.0"
  resolved "https://registry.yarnpkg.com/ow/-/ow-0.27.0.tgz#d44da088e8184fa11de64b5813206f9f86ab68d0"
  integrity sha512-SGnrGUbhn4VaUGdU0EJLMwZWSupPmF46hnTRII7aCLCrqixTAC5eKo8kI4/XXf1eaaI8YEVT+3FeGNJI9himAQ==
  dependencies:
    "@sindresorhus/is" "^4.0.1"
    callsites "^3.1.0"
    dot-prop "^6.0.1"
    lodash.isequal "^4.5.0"
    type-fest "^1.2.1"
    vali-date "^1.0.0"

path-is-absolute@^1.0.0:
  version "1.0.1"
  resolved "https://registry.yarnpkg.com/path-is-absolute/-/path-is-absolute-1.0.1.tgz#174b9268735534ffbc7ace6bf53a5a9e1b5c5f5f"
  integrity sha1-F0uSaHNVNP+8es5r9TpanhtcX18=

piexifjs@^1.0.6:
  version "1.0.6"
  resolved "https://registry.yarnpkg.com/piexifjs/-/piexifjs-1.0.6.tgz#883811d73f447218d0d06e9ed7866d04533e59e0"
  integrity sha512-0wVyH0cKohzBQ5Gi2V1BuxYpxWfxF3cSqfFXfPIpl5tl9XLS5z4ogqhUCD20AbHi0h9aJkqXNJnkVev6gwh2ag==

regenerator-runtime@^0.13.3:
  version "0.13.9"
  resolved "https://registry.yarnpkg.com/regenerator-runtime/-/regenerator-runtime-0.13.9.tgz#8925742a98ffd90814988d7566ad30ca3b263b52"
  integrity sha512-p3VT+cOEgxFsRRA9X4lkI1E+k2/CtnKtU4gcxyaCUreilL/vqI6CdZ3wxVUx3UOUg+gnUOQQcRI7BmSI656MYA==

resolve-url@^0.2.1:
  version "0.2.1"
  resolved "https://registry.yarnpkg.com/resolve-url/-/resolve-url-0.2.1.tgz#2c637fe77c893afd2a663fe21aa9080068e2052a"
  integrity sha1-LGN/53yJOv0qZj/iGqkIAGjiBSo=

tesseract.js-core@^2.2.0:
  version "2.2.0"
  resolved "https://registry.yarnpkg.com/tesseract.js-core/-/tesseract.js-core-2.2.0.tgz#6ef78051272a381969fac3e45a226e85022cffef"
  integrity sha512-a8L+OJTbUipBsEDsJhDPlnLB0TY1MkTZqw5dqUwmiDSjUzwvU7HWLg/2+WDRulKUi4LE+7PnHlaBlW0k+V0U0w==

tesseract.js@^2.1.5:
  version "2.1.5"
  resolved "https://registry.yarnpkg.com/tesseract.js/-/tesseract.js-2.1.5.tgz#2f757ff059f249721096fe9f94029c349650902c"
  integrity sha512-7CIS3SWr7TXpeaH9+HS7iUtVbCfPFYOO3p6rkRAkdtsOtrbz6496x59na6SCbFAIaZulQxy8BjwSu3qL3AoDRg==
  dependencies:
    blueimp-load-image "^3.0.0"
    bmp-js "^0.1.0"
    file-type "^12.4.1"
    idb-keyval "^3.2.0"
    is-electron "^2.2.0"
    is-url "^1.2.4"
    jpeg-autorotate "^7.1.1"
    node-fetch "^2.6.0"
    opencollective-postinstall "^2.0.2"
    regenerator-runtime "^0.13.3"
    resolve-url "^0.2.1"
    tesseract.js-core "^2.2.0"
    zlibjs "^0.3.1"

tr46@~0.0.3:
  version "0.0.3"
  resolved "https://registry.yarnpkg.com/tr46/-/tr46-0.0.3.tgz#8184fd347dac9cdc185992f3a6622e14b9d9ab6a"
  integrity sha1-gYT9NH2snNwYWZLzpmIuFLnZq2o=

ts-mixer@^6.0.0:
  version "6.0.0"
  resolved "https://registry.yarnpkg.com/ts-mixer/-/ts-mixer-6.0.0.tgz#4e631d3a36e3fa9521b973b132e8353bc7267f9f"
  integrity sha512-nXIb1fvdY5CBSrDIblLn73NW0qRDk5yJ0Sk1qPBF560OdJfQp9jhl+0tzcY09OZ9U+6GpeoI9RjwoIKFIoB9MQ==

tslib@^2.3.0, tslib@^2.3.1:
  version "2.3.1"
  resolved "https://registry.yarnpkg.com/tslib/-/tslib-2.3.1.tgz#e8a335add5ceae51aa261d32a490158ef042ef01"
  integrity sha512-77EbyPPpMz+FRFRuAFlWMtmgUWGe9UOG2Z25NqCwiIjRhOf5iKGuzSe5P2w1laq+FkRy4p+PCuVkJSGkzTEKVw==

type-fest@^1.2.1:
  version "1.4.0"
  resolved "https://registry.yarnpkg.com/type-fest/-/type-fest-1.4.0.tgz#e9fb813fe3bf1744ec359d55d1affefa76f14be1"
  integrity sha512-yGSza74xk0UG8k+pLh5oeoYirvIiWo5t0/o3zHHAO2tRDiZcxWP7fywNlXhqb6/r6sWvwi+RsyQMWhVLe4BVuA==

typescript@^4.4.4:
  version "4.4.4"
  resolved "https://registry.yarnpkg.com/typescript/-/typescript-4.4.4.tgz#2cd01a1a1f160704d3101fd5a58ff0f9fcb8030c"
  integrity sha512-DqGhF5IKoBl8WNf8C1gu8q0xZSInh9j1kJJMqT3a94w1JzVaBU4EXOSMrz9yDqMT0xt3selp83fuFMQ0uzv6qA==

vali-date@^1.0.0:
  version "1.0.0"
  resolved "https://registry.yarnpkg.com/vali-date/-/vali-date-1.0.0.tgz#1b904a59609fb328ef078138420934f6b86709a6"
  integrity sha1-G5BKWWCfsyjvB4E4Qgk09rhnCaY=

webidl-conversions@^3.0.0:
  version "3.0.1"
  resolved "https://registry.yarnpkg.com/webidl-conversions/-/webidl-conversions-3.0.1.tgz#24534275e2a7bc6be7bc86611cc16ae0a5654871"
  integrity sha1-JFNCdeKnvGvnvIZhHMFq4KVlSHE=

whatwg-url@^5.0.0:
  version "5.0.0"
  resolved "https://registry.yarnpkg.com/whatwg-url/-/whatwg-url-5.0.0.tgz#966454e8765462e37644d3626f6742ce8b70965d"
  integrity sha1-lmRU6HZUYuN2RNNib2dCzotwll0=
  dependencies:
    tr46 "~0.0.3"
    webidl-conversions "^3.0.0"

wrappy@1:
  version "1.0.2"
  resolved "https://registry.yarnpkg.com/wrappy/-/wrappy-1.0.2.tgz#b5243d8f3ec1aa35f1364605bc0d1036e30ab69f"
  integrity sha1-tSQ9jz7BqjXxNkYFvA0QNuMKtp8=

ws@^8.2.3:
  version "8.2.3"
  resolved "https://registry.yarnpkg.com/ws/-/ws-8.2.3.tgz#63a56456db1b04367d0b721a0b80cae6d8becbba"
  integrity sha512-wBuoj1BDpC6ZQ1B7DWQBYVLphPWkm8i9Y0/3YdHjHKHiohOJ1ws+3OccDWtH+PoC9DZD5WOTrJvNbWvjS6JWaA==

yargs-parser@^20.2.1:
  version "20.2.9"
  resolved "https://registry.yarnpkg.com/yargs-parser/-/yargs-parser-20.2.9.tgz#2eb7dc3b0289718fc295f362753845c41a0c94ee"
  integrity sha512-y11nGElTIV+CT3Zv9t7VKl+Q3hTQoT9a1Qzezhhl6Rp21gJ/IVTW7Z3y9EWXhuUBC2Shnf+DX0antecpAwSP8w==

zlibjs@^0.3.1:
  version "0.3.1"
  resolved "https://registry.yarnpkg.com/zlibjs/-/zlibjs-0.3.1.tgz#50197edb28a1c42ca659cc8b4e6a9ddd6d444554"
  integrity sha1-UBl+2yihxCymWcyLTmqd3W1ERVQ=
